
Microsoft Visual Studio Solution File, Format Version 12.00
# Visual Studio 15
VisualStudioVersion = 15.0.34930.48
MinimumVisualStudioVersion = 10.0.40219.1
Project("{FAE04EC0-301F-11D3-BF4B-00C04F79EFBC}") = "ForwardList", "ForwardList\ForwardList.csproj", "{6A14F294-F0FE-4857-934D-00D0BAF39134}"
EndProject
Project("{8BC9CEB8-8B4A-11D0-8D11-00A0C91BC942}") = "List2", "List2\List2.vcxproj", "{9AB55911-C69E-4D89-A7C8-C37CA8695690}"
EndProject
Project("{8BC9CEB8-8B4A-11D0-8D11-00A0C91BC942}") = "BinaryTree", "BinaryTree\BinaryTree.vcxproj", "{E3E72D74-08C9-4B01-982A-E56C1FDF5A18}"
EndProject
Project("{8BC9CEB8-8B4A-11D0-8D11-00A0C91BC942}") = "Recursion", "Recursion\Recursion.vcxproj", "{A0B1D85A-EC59-4D42-98DF-BA885FB58A22}"
EndProject
Global
	GlobalSection(SolutionConfigurationPlatforms) = preSolution
		Debug|Any CPU = Debug|Any CPU
		Debug|x64 = Debug|x64
		Debug|x86 = Debug|x86
		Release|Any CPU = Release|Any CPU
		Release|x64 = Release|x64
		Release|x86 = Release|x86
	EndGlobalSection
	GlobalSection(ProjectConfigurationPlatforms) = postSolution
		{6A14F294-F0FE-4857-934D-00D0BAF39134}.Debug|Any CPU.ActiveCfg = Debug|Any CPU
		{6A14F294-F0FE-4857-934D-00D0BAF39134}.Debug|Any CPU.Build.0 = Debug|Any CPU
		{6A14F294-F0FE-4857-934D-00D0BAF39134}.Debug|x64.ActiveCfg = Debug|Any CPU
		{6A14F294-F0FE-4857-934D-00D0BAF39134}.Debug|x64.Build.0 = Debug|Any CPU
		{6A14F294-F0FE-4857-934D-00D0BAF39134}.Debug|x86.ActiveCfg = Debug|Any CPU
		{6A14F294-F0FE-4857-934D-00D0BAF39134}.Debug|x86.Build.0 = Debug|Any CPU
		{6A14F294-F0FE-4857-934D-00D0BAF39134}.Release|Any CPU.ActiveCfg = Release|Any CPU
		{6A14F294-F0FE-4857-934D-00D0BAF39134}.Release|Any CPU.Build.0 = Release|Any CPU
		{6A14F294-F0FE-4857-934D-00D0BAF39134}.Release|x64.ActiveCfg = Release|Any CPU
		{6A14F294-F0FE-4857-934D-00D0BAF39134}.Release|x64.Build.0 = Release|Any CPU
		{6A14F294-F0FE-4857-934D-00D0BAF39134}.Release|x86.ActiveCfg = Release|Any CPU
		{6A14F294-F0FE-4857-934D-00D0BAF39134}.Release|x86.Build.0 = Release|Any CPU
		{9AB55911-C69E-4D89-A7C8-C37CA8695690}.Debug|Any CPU.ActiveCfg = Debug|Win32
		{9AB55911-C69E-4D89-A7C8-C37CA8695690}.Debug|x64.ActiveCfg = Debug|x64
		{9AB55911-C69E-4D89-A7C8-C37CA8695690}.Debug|x64.Build.0 = Debug|x64
		{9AB55911-C69E-4D89-A7C8-C37CA8695690}.Debug|x86.ActiveCfg = Debug|Win32
		{9AB55911-C69E-4D89-A7C8-C37CA8695690}.Debug|x86.Build.0 = Debug|Win32
		{9AB55911-C69E-4D89-A7C8-C37CA8695690}.Release|Any CPU.ActiveCfg = Release|Win32
		{9AB55911-C69E-4D89-A7C8-C37CA8695690}.Release|x64.ActiveCfg = Release|x64
		{9AB55911-C69E-4D89-A7C8-C37CA8695690}.Release|x64.Build.0 = Release|x64
		{9AB55911-C69E-4D89-A7C8-C37CA8695690}.Release|x86.ActiveCfg = Release|Win32
		{9AB55911-C69E-4D89-A7C8-C37CA8695690}.Release|x86.Build.0 = Release|Win32
		{E3E72D74-08C9-4B01-982A-E56C1FDF5A18}.Debug|Any CPU.ActiveCfg = Debug|Win32
		{E3E72D74-08C9-4B01-982A-E56C1FDF5A18}.Debug|x64.ActiveCfg = Debug|x64
		{E3E72D74-08C9-4B01-982A-E56C1FDF5A18}.Debug|x64.Build.0 = Debug|x64
		{E3E72D74-08C9-4B01-982A-E56C1FDF5A18}.Debug|x86.ActiveCfg = Debug|Win32
		{E3E72D74-08C9-4B01-982A-E56C1FDF5A18}.Debug|x86.Build.0 = Debug|Win32
		{E3E72D74-08C9-4B01-982A-E56C1FDF5A18}.Release|Any CPU.ActiveCfg = Release|Win32
		{E3E72D74-08C9-4B01-982A-E56C1FDF5A18}.Release|x64.ActiveCfg = Release|x64
		{E3E72D74-08C9-4B01-982A-E56C1FDF5A18}.Release|x64.Build.0 = Release|x64
		{E3E72D74-08C9-4B01-982A-E56C1FDF5A18}.Release|x86.ActiveCfg = Release|Win32
		{E3E72D74-08C9-4B01-982A-E56C1FDF5A18}.Release|x86.Build.0 = Release|Win32
		{A0B1D85A-EC59-4D42-98DF-BA885FB58A22}.Debug|Any CPU.ActiveCfg = Debug|Win32
		{A0B1D85A-EC59-4D42-98DF-BA885FB58A22}.Debug|x64.ActiveCfg = Debug|x64
		{A0B1D85A-EC59-4D42-98DF-BA885FB58A22}.Debug|x64.Build.0 = Debug|x64
		{A0B1D85A-EC59-4D42-98DF-BA885FB58A22}.Debug|x86.ActiveCfg = Debug|Win32
		{A0B1D85A-EC59-4D42-98DF-BA885FB58A22}.Debug|x86.Build.0 = Debug|Win32
		{A0B1D85A-EC59-4D42-98DF-BA885FB58A22}.Release|Any CPU.ActiveCfg = Release|Win32
		{A0B1D85A-EC59-4D42-98DF-BA885FB58A22}.Release|x64.ActiveCfg = Release|x64
		{A0B1D85A-EC59-4D42-98DF-BA885FB58A22}.Release|x64.Build.0 = Release|x64
		{A0B1D85A-EC59-4D42-98DF-BA885FB58A22}.Release|x86.ActiveCfg = Release|Win32
		{A0B1D85A-EC59-4D42-98DF-BA885FB58A22}.Release|x86.Build.0 = Release|Win32
	EndGlobalSection
	GlobalSection(SolutionProperties) = preSolution
		HideSolutionNode = FALSE
	EndGlobalSection
	GlobalSection(ExtensibilityGlobals) = postSolution
		SolutionGuid = {757ACCF6-638C-4DE1-B430-2BE0B79982E6}
	EndGlobalSection
EndGlobal
