
Microsoft Visual Studio Solution File, Format Version 12.00
# Visual Studio 15
VisualStudioVersion = 15.0.34930.48
MinimumVisualStudioVersion = 10.0.40219.1
Project("{FAE04EC0-301F-11D3-BF4B-00C04F79EFBC}") = "IntroductionToDOTNET", "IntroductionToDOTNET\IntroductionToDOTNET.csproj", "{5B14CC85-FBC7-4C67-A6CE-830389A1208A}"
EndProject
Project("{FAE04EC0-301F-11D3-BF4B-00C04F79EFBC}") = "Factorial", "Factorial\Factorial.csproj", "{39135A38-5710-45F3-9B11-B8A670AFDEFA}"
EndProject
Project("{FAE04EC0-301F-11D3-BF4B-00C04F79EFBC}") = "Calc", "Calc\Calc.csproj", "{6CBCD4CC-43E1-4FB5-A965-D2255ECA2768}"
EndProject
Global
	GlobalSection(SolutionConfigurationPlatforms) = preSolution
		Debug|Any CPU = Debug|Any CPU
		Release|Any CPU = Release|Any CPU
	EndGlobalSection
	GlobalSection(ProjectConfigurationPlatforms) = postSolution
		{5B14CC85-FBC7-4C67-A6CE-830389A1208A}.Debug|Any CPU.ActiveCfg = Debug|Any CPU
		{5B14CC85-FBC7-4C67-A6CE-830389A1208A}.Debug|Any CPU.Build.0 = Debug|Any CPU
		{5B14CC85-FBC7-4C67-A6CE-830389A1208A}.Release|Any CPU.ActiveCfg = Release|Any CPU
		{5B14CC85-FBC7-4C67-A6CE-830389A1208A}.Release|Any CPU.Build.0 = Release|Any CPU
		{39135A38-5710-45F3-9B11-B8A670AFDEFA}.Debug|Any CPU.ActiveCfg = Debug|Any CPU
		{39135A38-5710-45F3-9B11-B8A670AFDEFA}.Debug|Any CPU.Build.0 = Debug|Any CPU
		{39135A38-5710-45F3-9B11-B8A670AFDEFA}.Release|Any CPU.ActiveCfg = Release|Any CPU
		{39135A38-5710-45F3-9B11-B8A670AFDEFA}.Release|Any CPU.Build.0 = Release|Any CPU
		{6CBCD4CC-43E1-4FB5-A965-D2255ECA2768}.Debug|Any CPU.ActiveCfg = Debug|Any CPU
		{6CBCD4CC-43E1-4FB5-A965-D2255ECA2768}.Debug|Any CPU.Build.0 = Debug|Any CPU
		{6CBCD4CC-43E1-4FB5-A965-D2255ECA2768}.Release|Any CPU.ActiveCfg = Release|Any CPU
		{6CBCD4CC-43E1-4FB5-A965-D2255ECA2768}.Release|Any CPU.Build.0 = Release|Any CPU
	EndGlobalSection
	GlobalSection(SolutionProperties) = preSolution
		HideSolutionNode = FALSE
	EndGlobalSection
	GlobalSection(ExtensibilityGlobals) = postSolution
		SolutionGuid = {5EFE8934-1BB4-46C0-9A3D-F687B909EC9F}
	EndGlobalSection
EndGlobal
